
Microsoft Visual Studio Solution File, Format Version 12.00
# Visual Studio Version 17
VisualStudioVersion = 17.9.34728.123
MinimumVisualStudioVersion = 10.0.40219.1
Project("{FAE04EC0-301F-11D3-BF4B-00C04F79EFBC}") = "TaskManagerBackend", "TaskManagerBackend.csproj", "{FDD52420-8C38-4EE7-85CC-8D8BB0F2810D}"
EndProject
Global
	GlobalSection(SolutionConfigurationPlatforms) = preSolution
		Debug|Any CPU = Debug|Any CPU
		Release|Any CPU = Release|Any CPU
	EndGlobalSection
	GlobalSection(ProjectConfigurationPlatforms) = postSolution
		{FDD52420-8C38-4EE7-85CC-8D8BB0F2810D}.Debug|Any CPU.ActiveCfg = Debug|Any CPU
		{FDD52420-8C38-4EE7-85CC-8D8BB0F2810D}.Debug|Any CPU.Build.0 = Debug|Any CPU
		{FDD52420-8C38-4EE7-85CC-8D8BB0F2810D}.Release|Any CPU.ActiveCfg = Release|Any CPU
		{FDD52420-8C38-4EE7-85CC-8D8BB0F2810D}.Release|Any CPU.Build.0 = Release|Any CPU
	EndGlobalSection
	GlobalSection(SolutionProperties) = preSolution
		HideSolutionNode = FALSE
	EndGlobalSection
	GlobalSection(ExtensibilityGlobals) = postSolution
		SolutionGuid = {7D2F216C-A212-4774-90DA-106502BDFBC9}
	EndGlobalSection
EndGlobal
